
Microsoft Visual Studio Solution File, Format Version 12.00
# Visual Studio Version 17
VisualStudioVersion = 17.9.34723.18
MinimumVisualStudioVersion = 10.0.40219.1
Project("{FAE04EC0-301F-11D3-BF4B-00C04F79EFBC}") = "GostCryptographyAPI", "GostCryptographyAPI\GostCryptographyAPI.csproj", "{C34ED174-3EAD-4854-84F8-99F4F6B5A7C9}"
EndProject
Global
	GlobalSection(SolutionConfigurationPlatforms) = preSolution
		Debug|Any CPU = Debug|Any CPU
		Release|Any CPU = Release|Any CPU
	EndGlobalSection
	GlobalSection(ProjectConfigurationPlatforms) = postSolution
		{C34ED174-3EAD-4854-84F8-99F4F6B5A7C9}.Debug|Any CPU.ActiveCfg = Debug|Any CPU
		{C34ED174-3EAD-4854-84F8-99F4F6B5A7C9}.Debug|Any CPU.Build.0 = Debug|Any CPU
		{C34ED174-3EAD-4854-84F8-99F4F6B5A7C9}.Release|Any CPU.ActiveCfg = Release|Any CPU
		{C34ED174-3EAD-4854-84F8-99F4F6B5A7C9}.Release|Any CPU.Build.0 = Release|Any CPU
	EndGlobalSection
	GlobalSection(SolutionProperties) = preSolution
		HideSolutionNode = FALSE
	EndGlobalSection
	GlobalSection(ExtensibilityGlobals) = postSolution
		SolutionGuid = {057C6BD5-4E45-4169-9D1E-EEDB7279796F}
	EndGlobalSection
EndGlobal
